// !$*UTF8*$!
{
	archiveVersion = 1;
	classes = {
	};
	objectVersion = 46;
	objects = {

/* Begin PBXBuildFile section */
		68977BB41340DF2300350010 /* UIKit.framework in Frameworks */ = {isa = PBXBuildFile; fileRef = 68977BB31340DF2300350010 /* UIKit.framework */; };
		68977BB61340DF2300350010 /* Foundation.framework in Frameworks */ = {isa = PBXBuildFile; fileRef = 68977BB51340DF2300350010 /* Foundation.framework */; };
		68977BB81340DF2300350010 /* CoreGraphics.framework in Frameworks */ = {isa = PBXBuildFile; fileRef = 68977BB71340DF2300350010 /* CoreGraphics.framework */; };
		68977BBE1340DF2300350010 /* InfoPlist.strings in Resources */ = {isa = PBXBuildFile; fileRef = 68977BBC1340DF2300350010 /* InfoPlist.strings */; };
		68977BC11340DF2300350010 /* main.m in Sources */ = {isa = PBXBuildFile; fileRef = 68977BC01340DF2300350010 /* main.m */; };
		68977BC41340DF2300350010 /* SimpleAnnotationAppDelegate.m in Sources */ = {isa = PBXBuildFile; fileRef = 68977BC31340DF2300350010 /* SimpleAnnotationAppDelegate.m */; };
		68977BC71340DF2300350010 /* MainWindow.xib in Resources */ = {isa = PBXBuildFile; fileRef = 68977BC51340DF2300350010 /* MainWindow.xib */; };
		68977BCA1340DF2300350010 /* SimpleAnnotationViewController.m in Sources */ = {isa = PBXBuildFile; fileRef = 68977BC91340DF2300350010 /* SimpleAnnotationViewController.m */; };
		68977BCD1340DF2300350010 /* SimpleAnnotationViewController.xib in Resources */ = {isa = PBXBuildFile; fileRef = 68977BCB1340DF2300350010 /* SimpleAnnotationViewController.xib */; };
		68977BD41340DF6A00350010 /* MapKit.framework in Frameworks */ = {isa = PBXBuildFile; fileRef = 68977BD31340DF6A00350010 /* MapKit.framework */; };
		68977BD71340E30B00350010 /* MyAnnotation.m in Sources */ = {isa = PBXBuildFile; fileRef = 68977BD61340E30B00350010 /* MyAnnotation.m */; };
/* End PBXBuildFile section */

/* Begin PBXFileReference section */
		68977BAF1340DF2300350010 /* SimpleAnnotation.app */ = {isa = PBXFileReference; explicitFileType = wrapper.application; includeInIndex = 0; path = SimpleAnnotation.app; sourceTree = BUILT_PRODUCTS_DIR; };
		68977BB31340DF2300350010 /* UIKit.framework */ = {isa = PBXFileReference; lastKnownFileType = wrapper.framework; name = UIKit.framework; path = System/Library/Frameworks/UIKit.framework; sourceTree = SDKROOT; };
		68977BB51340DF2300350010 /* Foundation.framework */ = {isa = PBXFileReference; lastKnownFileType = wrapper.framework; name = Foundation.framework; path = System/Library/Frameworks/Foundation.framework; sourceTree = SDKROOT; };
		68977BB71340DF2300350010 /* CoreGraphics.framework */ = {isa = PBXFileReference; lastKnownFileType = wrapper.framework; name = CoreGraphics.framework; path = System/Library/Frameworks/CoreGraphics.framework; sourceTree = SDKROOT; };
		68977BBB1340DF2300350010 /* SimpleAnnotation-Info.plist */ = {isa = PBXFileReference; lastKnownFileType = text.plist.xml; path = "SimpleAnnotation-Info.plist"; sourceTree = "<group>"; };
		68977BBD1340DF2300350010 /* en */ = {isa = PBXFileReference; lastKnownFileType = text.plist.strings; name = en; path = en.lproj/InfoPlist.strings; sourceTree = "<group>"; };
		68977BBF1340DF2300350010 /* SimpleAnnotation-Prefix.pch */ = {isa = PBXFileReference; lastKnownFileType = sourcecode.c.h; path = "SimpleAnnotation-Prefix.pch"; sourceTree = "<group>"; };
		68977BC01340DF2300350010 /* main.m */ = {isa = PBXFileReference; lastKnownFileType = sourcecode.c.objc; path = main.m; sourceTree = "<group>"; };
		68977BC21340DF2300350010 /* SimpleAnnotationAppDelegate.h */ = {isa = PBXFileReference; lastKnownFileType = sourcecode.c.h; path = SimpleAnnotationAppDelegate.h; sourceTree = "<group>"; };
		68977BC31340DF2300350010 /* SimpleAnnotationAppDelegate.m */ = {isa = PBXFileReference; lastKnownFileType = sourcecode.c.objc; path = SimpleAnnotationAppDelegate.m; sourceTree = "<group>"; };
		68977BC61340DF2300350010 /* en */ = {isa = PBXFileReference; lastKnownFileType = file.xib; name = en; path = en.lproj/MainWindow.xib; sourceTree = "<group>"; };
		68977BC81340DF2300350010 /* SimpleAnnotationViewController.h */ = {isa = PBXFileReference; lastKnownFileType = sourcecode.c.h; path = SimpleAnnotationViewController.h; sourceTree = "<group>"; };
		68977BC91340DF2300350010 /* SimpleAnnotationViewController.m */ = {isa = PBXFileReference; lastKnownFileType = sourcecode.c.objc; path = SimpleAnnotationViewController.m; sourceTree = "<group>"; };
		68977BCC1340DF2300350010 /* en */ = {isa = PBXFileReference; lastKnownFileType = file.xib; name = en; path = en.lproj/SimpleAnnotationViewController.xib; sourceTree = "<group>"; };
		68977BD31340DF6A00350010 /* MapKit.framework */ = {isa = PBXFileReference; lastKnownFileType = wrapper.framework; name = MapKit.framework; path = System/Library/Frameworks/MapKit.framework; sourceTree = SDKROOT; };
		68977BD51340E30B00350010 /* MyAnnotation.h */ = {isa = PBXFileReference; fileEncoding = 4; lastKnownFileType = sourcecode.c.h; path = MyAnnotation.h; sourceTree = "<group>"; };
		68977BD61340E30B00350010 /* MyAnnotation.m */ = {isa = PBXFileReference; fileEncoding = 4; lastKnownFileType = sourcecode.c.objc; path = MyAnnotation.m; sourceTree = "<group>"; };
/* End PBXFileReference section */

/* Begin PBXFrameworksBuildPhase section */
		68977BAC1340DF2300350010 /* Frameworks */ = {
			isa = PBXFrameworksBuildPhase;
			buildActionMask = 2147483647;
			files = (
				68977BD41340DF6A00350010 /* MapKit.framework in Frameworks */,
				68977BB41340DF2300350010 /* UIKit.framework in Frameworks */,
				68977BB61340DF2300350010 /* Foundation.framework in Frameworks */,
				68977BB81340DF2300350010 /* CoreGraphics.framework in Frameworks */,
			);
			runOnlyForDeploymentPostprocessing = 0;
		};
/* End PBXFrameworksBuildPhase section */

/* Begin PBXGroup section */
		68977BA41340DF2300350010 = {
			isa = PBXGroup;
			children = (
				68977BB91340DF2300350010 /* SimpleAnnotation */,
				68977BB21340DF2300350010 /* Frameworks */,
				68977BB01340DF2300350010 /* Products */,
			);
			sourceTree = "<group>";
		};
		68977BB01340DF2300350010 /* Products */ = {
			isa = PBXGroup;
			children = (
				68977BAF1340DF2300350010 /* SimpleAnnotation.app */,
			);
			name = Products;
			sourceTree = "<group>";
		};
		68977BB21340DF2300350010 /* Frameworks */ = {
			isa = PBXGroup;
			children = (
				68977BD31340DF6A00350010 /* MapKit.framework */,
				68977BB31340DF2300350010 /* UIKit.framework */,
				68977BB51340DF2300350010 /* Foundation.framework */,
				68977BB71340DF2300350010 /* CoreGraphics.framework */,
			);
			name = Frameworks;
			sourceTree = "<group>";
		};
		68977BB91340DF2300350010 /* SimpleAnnotation */ = {
			isa = PBXGroup;
			children = (
				68977BC21340DF2300350010 /* SimpleAnnotationAppDelegate.h */,
				68977BC31340DF2300350010 /* SimpleAnnotationAppDelegate.m */,
				68977BC51340DF2300350010 /* MainWindow.xib */,
				68977BD51340E30B00350010 /* MyAnnotation.h */,
				68977BD61340E30B00350010 /* MyAnnotation.m */,
				68977BC81340DF2300350010 /* SimpleAnnotationViewController.h */,
				68977BC91340DF2300350010 /* SimpleAnnotationViewController.m */,
				68977BCB1340DF2300350010 /* SimpleAnnotationViewController.xib */,
				68977BBA1340DF2300350010 /* Supporting Files */,
			);
			path = SimpleAnnotation;
			sourceTree = "<group>";
		};
		68977BBA1340DF2300350010 /* Supporting Files */ = {
			isa = PBXGroup;
			children = (
				68977BBB1340DF2300350010 /* SimpleAnnotation-Info.plist */,
				68977BBC1340DF2300350010 /* InfoPlist.strings */,
				68977BBF1340DF2300350010 /* SimpleAnnotation-Prefix.pch */,
				68977BC01340DF2300350010 /* main.m */,
			);
			name = "Supporting Files";
			sourceTree = "<group>";
		};
/* End PBXGroup section */

/* Begin PBXNativeTarget section */
		68977BAE1340DF2300350010 /* SimpleAnnotation */ = {
			isa = PBXNativeTarget;
			buildConfigurationList = 68977BD01340DF2300350010 /* Build configuration list for PBXNativeTarget "SimpleAnnotation" */;
			buildPhases = (
				68977BAB1340DF2300350010 /* Sources */,
				68977BAC1340DF2300350010 /* Frameworks */,
				68977BAD1340DF2300350010 /* Resources */,
			);
			buildRules = (
			);
			dependencies = (
			);
			name = SimpleAnnotation;
			productName = SimpleAnnotation;
			productReference = 68977BAF1340DF2300350010 /* SimpleAnnotation.app */;
			productType = "com.apple.product-type.application";
		};
/* End PBXNativeTarget section */

/* Begin PBXProject section */
		68977BA61340DF2300350010 /* Project object */ = {
			isa = PBXProject;
			attributes = {
				LastUpgradeCheck = 0420;
				ORGANIZATIONNAME = NTU;
			};
			buildConfigurationList = 68977BA91340DF2300350010 /* Build configuration list for PBXProject "SimpleAnnotation" */;
			compatibilityVersion = "Xcode 3.2";
			developmentRegion = English;
			hasScannedForEncodings = 0;
			knownRegions = (
				en,
			);
			mainGroup = 68977BA41340DF2300350010;
			productRefGroup = 68977BB01340DF2300350010 /* Products */;
			projectDirPath = "";
			projectRoot = "";
			targets = (
				68977BAE1340DF2300350010 /* SimpleAnnotation */,
			);
		};
/* End PBXProject section */

/* Begin PBXResourcesBuildPhase section */
		68977BAD1340DF2300350010 /* Resources */ = {
			isa = PBXResourcesBuildPhase;
			buildActionMask = 2147483647;
			files = (
				68977BBE1340DF2300350010 /* InfoPlist.strings in Resources */,
				68977BC71340DF2300350010 /* MainWindow.xib in Resources */,
				68977BCD1340DF2300350010 /* SimpleAnnotationViewController.xib in Resources */,
			);
			runOnlyForDeploymentPostprocessing = 0;
		};
/* End PBXResourcesBuildPhase section */

/* Begin PBXSourcesBuildPhase section */
		68977BAB1340DF2300350010 /* Sources */ = {
			isa = PBXSourcesBuildPhase;
			buildActionMask = 2147483647;
			files = (
				68977BC11340DF2300350010 /* main.m in Sources */,
				68977BC41340DF2300350010 /* SimpleAnnotationAppDelegate.m in Sources */,
				68977BCA1340DF2300350010 /* SimpleAnnotationViewController.m in Sources */,
				68977BD71340E30B00350010 /* MyAnnotation.m in Sources */,
			);
			runOnlyForDeploymentPostprocessing = 0;
		};
/* End PBXSourcesBuildPhase section */

/* Begin PBXVariantGroup section */
		68977BBC1340DF2300350010 /* InfoPlist.strings */ = {
			isa = PBXVariantGroup;
			children = (
				68977BBD1340DF2300350010 /* en */,
			);
			name = InfoPlist.strings;
			sourceTree = "<group>";
		};
		68977BC51340DF2300350010 /* MainWindow.xib */ = {
			isa = PBXVariantGroup;
			children = (
				68977BC61340DF2300350010 /* en */,
			);
			name = MainWindow.xib;
			sourceTree = "<group>";
		};
		68977BCB1340DF2300350010 /* SimpleAnnotationViewController.xib */ = {
			isa = PBXVariantGroup;
			children = (
				68977BCC1340DF2300350010 /* en */,
			);
			name = SimpleAnnotationViewController.xib;
			sourceTree = "<group>";
		};
/* End PBXVariantGroup section */

/* Begin XCBuildConfiguration section */
		68977BCE1340DF2300350010 /* Debug */ = {
			isa = XCBuildConfiguration;
			buildSettings = {
				ARCHS = "$(ARCHS_STANDARD_32_BIT)";
				"CODE_SIGN_IDENTITY[sdk=iphoneos*]" = "iPhone Developer";
				GCC_C_LANGUAGE_STANDARD = gnu99;
				GCC_OPTIMIZATION_LEVEL = 0;
				GCC_PREPROCESSOR_DEFINITIONS = DEBUG;
				GCC_SYMBOLS_PRIVATE_EXTERN = NO;
				GCC_VERSION = com.apple.compilers.llvmgcc42;
				GCC_WARN_ABOUT_RETURN_TYPE = YES;
				GCC_WARN_UNUSED_VARIABLE = YES;
				IPHONEOS_DEPLOYMENT_TARGET = 4.3;
				SDKROOT = iphoneos;
			};
			name = Debug;
		};
		68977BCF1340DF2300350010 /* Release */ = {
			isa = XCBuildConfiguration;
			buildSettings = {
				ARCHS = "$(ARCHS_STANDARD_32_BIT)";
				"CODE_SIGN_IDENTITY[sdk=iphoneos*]" = "iPhone Developer";
				GCC_C_LANGUAGE_STANDARD = gnu99;
				GCC_VERSION = com.apple.compilers.llvmgcc42;
				GCC_WARN_ABOUT_RETURN_TYPE = YES;
				GCC_WARN_UNUSED_VARIABLE = YES;
				IPHONEOS_DEPLOYMENT_TARGET = 4.3;
				OTHER_CFLAGS = "-DNS_BLOCK_ASSERTIONS=1";
				SDKROOT = iphoneos;
			};
			name = Release;
		};
		68977BD11340DF2300350010 /* Debug */ = {
			isa = XCBuildConfiguration;
			buildSettings = {
				ALWAYS_SEARCH_USER_PATHS = NO;
				COPY_PHASE_STRIP = NO;
				GCC_DYNAMIC_NO_PIC = NO;
				GCC_PRECOMPILE_PREFIX_HEADER = YES;
				GCC_PREFIX_HEADER = "SimpleAnnotation/SimpleAnnotation-Prefix.pch";
				INFOPLIST_FILE = "SimpleAnnotation/SimpleAnnotation-Info.plist";
				PRODUCT_NAME = "$(TARGET_NAME)";
				WRAPPER_EXTENSION = app;
			};
			name = Debug;
		};
		68977BD21340DF2300350010 /* Release */ = {
			isa = XCBuildConfiguration;
			buildSettings = {
				ALWAYS_SEARCH_USER_PATHS = NO;
				COPY_PHASE_STRIP = YES;
				GCC_PRECOMPILE_PREFIX_HEADER = YES;
				GCC_PREFIX_HEADER = "SimpleAnnotation/SimpleAnnotation-Prefix.pch";
				INFOPLIST_FILE = "SimpleAnnotation/SimpleAnnotation-Info.plist";
				PRODUCT_NAME = "$(TARGET_NAME)";
				VALIDATE_PRODUCT = YES;
				WRAPPER_EXTENSION = app;
			};
			name = Release;
		};
/* End XCBuildConfiguration section */

/* Begin XCConfigurationList section */
		68977BA91340DF2300350010 /* Build configuration list for PBXProject "SimpleAnnotation" */ = {
			isa = XCConfigurationList;
			buildConfigurations = (
				68977BCE1340DF2300350010 /* Debug */,
				68977BCF1340DF2300350010 /* Release */,
			);
			defaultConfigurationIsVisible = 0;
			defaultConfigurationName = Release;
		};
		68977BD01340DF2300350010 /* Build configuration list for PBXNativeTarget "SimpleAnnotation" */ = {
			isa = XCConfigurationList;
			buildConfigurations = (
				68977BD11340DF2300350010 /* Debug */,
				68977BD21340DF2300350010 /* Release */,
			);
			defaultConfigurationIsVisible = 0;
			defaultConfigurationName = Release;
		};
/* End XCConfigurationList section */
	};
	rootObject = 68977BA61340DF2300350010 /* Project object */;
}
