// !$*UTF8*$!
{
	archiveVersion = 1;
	classes = {
	};
	objectVersion = 46;
	objects = {

/* Begin PBXBuildFile section */
		68182B81133BA22A00C7EA1F /* UIKit.framework in Frameworks */ = {isa = PBXBuildFile; fileRef = 68182B80133BA22A00C7EA1F /* UIKit.framework */; };
		68182B83133BA22A00C7EA1F /* Foundation.framework in Frameworks */ = {isa = PBXBuildFile; fileRef = 68182B82133BA22A00C7EA1F /* Foundation.framework */; };
		68182B85133BA22A00C7EA1F /* CoreGraphics.framework in Frameworks */ = {isa = PBXBuildFile; fileRef = 68182B84133BA22A00C7EA1F /* CoreGraphics.framework */; };
		68182B8B133BA22A00C7EA1F /* InfoPlist.strings in Resources */ = {isa = PBXBuildFile; fileRef = 68182B89133BA22A00C7EA1F /* InfoPlist.strings */; };
		68182B8E133BA22A00C7EA1F /* main.m in Sources */ = {isa = PBXBuildFile; fileRef = 68182B8D133BA22A00C7EA1F /* main.m */; };
		68182B91133BA22A00C7EA1F /* SimpleModalViewAppDelegate.m in Sources */ = {isa = PBXBuildFile; fileRef = 68182B90133BA22A00C7EA1F /* SimpleModalViewAppDelegate.m */; };
		68182B94133BA22A00C7EA1F /* MainWindow.xib in Resources */ = {isa = PBXBuildFile; fileRef = 68182B92133BA22A00C7EA1F /* MainWindow.xib */; };
		68182B97133BA22A00C7EA1F /* SimpleModalViewViewController.m in Sources */ = {isa = PBXBuildFile; fileRef = 68182B96133BA22A00C7EA1F /* SimpleModalViewViewController.m */; };
		68182B9A133BA22A00C7EA1F /* SimpleModalViewViewController.xib in Resources */ = {isa = PBXBuildFile; fileRef = 68182B98133BA22A00C7EA1F /* SimpleModalViewViewController.xib */; };
		68182BA4133BA40F00C7EA1F /* MyModalViewController.m in Sources */ = {isa = PBXBuildFile; fileRef = 68182BA3133BA40F00C7EA1F /* MyModalViewController.m */; };
		68182BA6133BA51700C7EA1F /* MyModalView.xib in Resources */ = {isa = PBXBuildFile; fileRef = 68182BA5133BA51700C7EA1F /* MyModalView.xib */; };
/* End PBXBuildFile section */

/* Begin PBXFileReference section */
		68182B7C133BA22A00C7EA1F /* SimpleModalView.app */ = {isa = PBXFileReference; explicitFileType = wrapper.application; includeInIndex = 0; path = SimpleModalView.app; sourceTree = BUILT_PRODUCTS_DIR; };
		68182B80133BA22A00C7EA1F /* UIKit.framework */ = {isa = PBXFileReference; lastKnownFileType = wrapper.framework; name = UIKit.framework; path = System/Library/Frameworks/UIKit.framework; sourceTree = SDKROOT; };
		68182B82133BA22A00C7EA1F /* Foundation.framework */ = {isa = PBXFileReference; lastKnownFileType = wrapper.framework; name = Foundation.framework; path = System/Library/Frameworks/Foundation.framework; sourceTree = SDKROOT; };
		68182B84133BA22A00C7EA1F /* CoreGraphics.framework */ = {isa = PBXFileReference; lastKnownFileType = wrapper.framework; name = CoreGraphics.framework; path = System/Library/Frameworks/CoreGraphics.framework; sourceTree = SDKROOT; };
		68182B88133BA22A00C7EA1F /* SimpleModalView-Info.plist */ = {isa = PBXFileReference; lastKnownFileType = text.plist.xml; path = "SimpleModalView-Info.plist"; sourceTree = "<group>"; };
		68182B8A133BA22A00C7EA1F /* en */ = {isa = PBXFileReference; lastKnownFileType = text.plist.strings; name = en; path = en.lproj/InfoPlist.strings; sourceTree = "<group>"; };
		68182B8C133BA22A00C7EA1F /* SimpleModalView-Prefix.pch */ = {isa = PBXFileReference; lastKnownFileType = sourcecode.c.h; path = "SimpleModalView-Prefix.pch"; sourceTree = "<group>"; };
		68182B8D133BA22A00C7EA1F /* main.m */ = {isa = PBXFileReference; lastKnownFileType = sourcecode.c.objc; path = main.m; sourceTree = "<group>"; };
		68182B8F133BA22A00C7EA1F /* SimpleModalViewAppDelegate.h */ = {isa = PBXFileReference; lastKnownFileType = sourcecode.c.h; path = SimpleModalViewAppDelegate.h; sourceTree = "<group>"; };
		68182B90133BA22A00C7EA1F /* SimpleModalViewAppDelegate.m */ = {isa = PBXFileReference; lastKnownFileType = sourcecode.c.objc; path = SimpleModalViewAppDelegate.m; sourceTree = "<group>"; };
		68182B93133BA22A00C7EA1F /* en */ = {isa = PBXFileReference; lastKnownFileType = file.xib; name = en; path = en.lproj/MainWindow.xib; sourceTree = "<group>"; };
		68182B95133BA22A00C7EA1F /* SimpleModalViewViewController.h */ = {isa = PBXFileReference; lastKnownFileType = sourcecode.c.h; path = SimpleModalViewViewController.h; sourceTree = "<group>"; };
		68182B96133BA22A00C7EA1F /* SimpleModalViewViewController.m */ = {isa = PBXFileReference; lastKnownFileType = sourcecode.c.objc; path = SimpleModalViewViewController.m; sourceTree = "<group>"; };
		68182B99133BA22A00C7EA1F /* en */ = {isa = PBXFileReference; lastKnownFileType = file.xib; name = en; path = en.lproj/SimpleModalViewViewController.xib; sourceTree = "<group>"; };
		68182BA2133BA40F00C7EA1F /* MyModalViewController.h */ = {isa = PBXFileReference; fileEncoding = 4; lastKnownFileType = sourcecode.c.h; path = MyModalViewController.h; sourceTree = "<group>"; };
		68182BA3133BA40F00C7EA1F /* MyModalViewController.m */ = {isa = PBXFileReference; fileEncoding = 4; lastKnownFileType = sourcecode.c.objc; path = MyModalViewController.m; sourceTree = "<group>"; };
		68182BA5133BA51700C7EA1F /* MyModalView.xib */ = {isa = PBXFileReference; fileEncoding = 4; lastKnownFileType = file.xib; path = MyModalView.xib; sourceTree = "<group>"; };
/* End PBXFileReference section */

/* Begin PBXFrameworksBuildPhase section */
		68182B79133BA22A00C7EA1F /* Frameworks */ = {
			isa = PBXFrameworksBuildPhase;
			buildActionMask = 2147483647;
			files = (
				68182B81133BA22A00C7EA1F /* UIKit.framework in Frameworks */,
				68182B83133BA22A00C7EA1F /* Foundation.framework in Frameworks */,
				68182B85133BA22A00C7EA1F /* CoreGraphics.framework in Frameworks */,
			);
			runOnlyForDeploymentPostprocessing = 0;
		};
/* End PBXFrameworksBuildPhase section */

/* Begin PBXGroup section */
		68182B71133BA22A00C7EA1F = {
			isa = PBXGroup;
			children = (
				68182B86133BA22A00C7EA1F /* SimpleModalView */,
				68182B7F133BA22A00C7EA1F /* Frameworks */,
				68182B7D133BA22A00C7EA1F /* Products */,
			);
			sourceTree = "<group>";
		};
		68182B7D133BA22A00C7EA1F /* Products */ = {
			isa = PBXGroup;
			children = (
				68182B7C133BA22A00C7EA1F /* SimpleModalView.app */,
			);
			name = Products;
			sourceTree = "<group>";
		};
		68182B7F133BA22A00C7EA1F /* Frameworks */ = {
			isa = PBXGroup;
			children = (
				68182B80133BA22A00C7EA1F /* UIKit.framework */,
				68182B82133BA22A00C7EA1F /* Foundation.framework */,
				68182B84133BA22A00C7EA1F /* CoreGraphics.framework */,
			);
			name = Frameworks;
			sourceTree = "<group>";
		};
		68182B86133BA22A00C7EA1F /* SimpleModalView */ = {
			isa = PBXGroup;
			children = (
				68182B8F133BA22A00C7EA1F /* SimpleModalViewAppDelegate.h */,
				68182B90133BA22A00C7EA1F /* SimpleModalViewAppDelegate.m */,
				68182B92133BA22A00C7EA1F /* MainWindow.xib */,
				68182BA5133BA51700C7EA1F /* MyModalView.xib */,
				68182BA2133BA40F00C7EA1F /* MyModalViewController.h */,
				68182BA3133BA40F00C7EA1F /* MyModalViewController.m */,
				68182B95133BA22A00C7EA1F /* SimpleModalViewViewController.h */,
				68182B96133BA22A00C7EA1F /* SimpleModalViewViewController.m */,
				68182B98133BA22A00C7EA1F /* SimpleModalViewViewController.xib */,
				68182B87133BA22A00C7EA1F /* Supporting Files */,
			);
			path = SimpleModalView;
			sourceTree = "<group>";
		};
		68182B87133BA22A00C7EA1F /* Supporting Files */ = {
			isa = PBXGroup;
			children = (
				68182B88133BA22A00C7EA1F /* SimpleModalView-Info.plist */,
				68182B89133BA22A00C7EA1F /* InfoPlist.strings */,
				68182B8C133BA22A00C7EA1F /* SimpleModalView-Prefix.pch */,
				68182B8D133BA22A00C7EA1F /* main.m */,
			);
			name = "Supporting Files";
			sourceTree = "<group>";
		};
/* End PBXGroup section */

/* Begin PBXNativeTarget section */
		68182B7B133BA22A00C7EA1F /* SimpleModalView */ = {
			isa = PBXNativeTarget;
			buildConfigurationList = 68182B9D133BA22A00C7EA1F /* Build configuration list for PBXNativeTarget "SimpleModalView" */;
			buildPhases = (
				68182B78133BA22A00C7EA1F /* Sources */,
				68182B79133BA22A00C7EA1F /* Frameworks */,
				68182B7A133BA22A00C7EA1F /* Resources */,
			);
			buildRules = (
			);
			dependencies = (
			);
			name = SimpleModalView;
			productName = SimpleModalView;
			productReference = 68182B7C133BA22A00C7EA1F /* SimpleModalView.app */;
			productType = "com.apple.product-type.application";
		};
/* End PBXNativeTarget section */

/* Begin PBXProject section */
		68182B73133BA22A00C7EA1F /* Project object */ = {
			isa = PBXProject;
			attributes = {
				ORGANIZATIONNAME = NTU;
			};
			buildConfigurationList = 68182B76133BA22A00C7EA1F /* Build configuration list for PBXProject "SimpleModalView" */;
			compatibilityVersion = "Xcode 3.2";
			developmentRegion = English;
			hasScannedForEncodings = 0;
			knownRegions = (
				en,
			);
			mainGroup = 68182B71133BA22A00C7EA1F;
			productRefGroup = 68182B7D133BA22A00C7EA1F /* Products */;
			projectDirPath = "";
			projectRoot = "";
			targets = (
				68182B7B133BA22A00C7EA1F /* SimpleModalView */,
			);
		};
/* End PBXProject section */

/* Begin PBXResourcesBuildPhase section */
		68182B7A133BA22A00C7EA1F /* Resources */ = {
			isa = PBXResourcesBuildPhase;
			buildActionMask = 2147483647;
			files = (
				68182B8B133BA22A00C7EA1F /* InfoPlist.strings in Resources */,
				68182B94133BA22A00C7EA1F /* MainWindow.xib in Resources */,
				68182B9A133BA22A00C7EA1F /* SimpleModalViewViewController.xib in Resources */,
				68182BA6133BA51700C7EA1F /* MyModalView.xib in Resources */,
			);
			runOnlyForDeploymentPostprocessing = 0;
		};
/* End PBXResourcesBuildPhase section */

/* Begin PBXSourcesBuildPhase section */
		68182B78133BA22A00C7EA1F /* Sources */ = {
			isa = PBXSourcesBuildPhase;
			buildActionMask = 2147483647;
			files = (
				68182B8E133BA22A00C7EA1F /* main.m in Sources */,
				68182B91133BA22A00C7EA1F /* SimpleModalViewAppDelegate.m in Sources */,
				68182B97133BA22A00C7EA1F /* SimpleModalViewViewController.m in Sources */,
				68182BA4133BA40F00C7EA1F /* MyModalViewController.m in Sources */,
			);
			runOnlyForDeploymentPostprocessing = 0;
		};
/* End PBXSourcesBuildPhase section */

/* Begin PBXVariantGroup section */
		68182B89133BA22A00C7EA1F /* InfoPlist.strings */ = {
			isa = PBXVariantGroup;
			children = (
				68182B8A133BA22A00C7EA1F /* en */,
			);
			name = InfoPlist.strings;
			sourceTree = "<group>";
		};
		68182B92133BA22A00C7EA1F /* MainWindow.xib */ = {
			isa = PBXVariantGroup;
			children = (
				68182B93133BA22A00C7EA1F /* en */,
			);
			name = MainWindow.xib;
			sourceTree = "<group>";
		};
		68182B98133BA22A00C7EA1F /* SimpleModalViewViewController.xib */ = {
			isa = PBXVariantGroup;
			children = (
				68182B99133BA22A00C7EA1F /* en */,
			);
			name = SimpleModalViewViewController.xib;
			sourceTree = "<group>";
		};
/* End PBXVariantGroup section */

/* Begin XCBuildConfiguration section */
		68182B9B133BA22A00C7EA1F /* Debug */ = {
			isa = XCBuildConfiguration;
			buildSettings = {
				ARCHS = "$(ARCHS_STANDARD_32_BIT)";
				"CODE_SIGN_IDENTITY[sdk=iphoneos*]" = "iPhone Developer";
				GCC_C_LANGUAGE_STANDARD = gnu99;
				GCC_OPTIMIZATION_LEVEL = 0;
				GCC_PREPROCESSOR_DEFINITIONS = DEBUG;
				GCC_SYMBOLS_PRIVATE_EXTERN = NO;
				GCC_VERSION = com.apple.compilers.llvmgcc42;
				GCC_WARN_ABOUT_RETURN_TYPE = YES;
				GCC_WARN_UNUSED_VARIABLE = YES;
				IPHONEOS_DEPLOYMENT_TARGET = 4.3;
				SDKROOT = iphoneos;
			};
			name = Debug;
		};
		68182B9C133BA22A00C7EA1F /* Release */ = {
			isa = XCBuildConfiguration;
			buildSettings = {
				ARCHS = "$(ARCHS_STANDARD_32_BIT)";
				"CODE_SIGN_IDENTITY[sdk=iphoneos*]" = "iPhone Developer";
				GCC_C_LANGUAGE_STANDARD = gnu99;
				GCC_VERSION = com.apple.compilers.llvmgcc42;
				GCC_WARN_ABOUT_RETURN_TYPE = YES;
				GCC_WARN_UNUSED_VARIABLE = YES;
				IPHONEOS_DEPLOYMENT_TARGET = 4.3;
				OTHER_CFLAGS = "-DNS_BLOCK_ASSERTIONS=1";
				SDKROOT = iphoneos;
			};
			name = Release;
		};
		68182B9E133BA22A00C7EA1F /* Debug */ = {
			isa = XCBuildConfiguration;
			buildSettings = {
				ALWAYS_SEARCH_USER_PATHS = NO;
				COPY_PHASE_STRIP = NO;
				GCC_DYNAMIC_NO_PIC = NO;
				GCC_PRECOMPILE_PREFIX_HEADER = YES;
				GCC_PREFIX_HEADER = "SimpleModalView/SimpleModalView-Prefix.pch";
				INFOPLIST_FILE = "SimpleModalView/SimpleModalView-Info.plist";
				PRODUCT_NAME = "$(TARGET_NAME)";
				WRAPPER_EXTENSION = app;
			};
			name = Debug;
		};
		68182B9F133BA22A00C7EA1F /* Release */ = {
			isa = XCBuildConfiguration;
			buildSettings = {
				ALWAYS_SEARCH_USER_PATHS = NO;
				COPY_PHASE_STRIP = YES;
				GCC_PRECOMPILE_PREFIX_HEADER = YES;
				GCC_PREFIX_HEADER = "SimpleModalView/SimpleModalView-Prefix.pch";
				INFOPLIST_FILE = "SimpleModalView/SimpleModalView-Info.plist";
				PRODUCT_NAME = "$(TARGET_NAME)";
				VALIDATE_PRODUCT = YES;
				WRAPPER_EXTENSION = app;
			};
			name = Release;
		};
/* End XCBuildConfiguration section */

/* Begin XCConfigurationList section */
		68182B76133BA22A00C7EA1F /* Build configuration list for PBXProject "SimpleModalView" */ = {
			isa = XCConfigurationList;
			buildConfigurations = (
				68182B9B133BA22A00C7EA1F /* Debug */,
				68182B9C133BA22A00C7EA1F /* Release */,
			);
			defaultConfigurationIsVisible = 0;
			defaultConfigurationName = Release;
		};
		68182B9D133BA22A00C7EA1F /* Build configuration list for PBXNativeTarget "SimpleModalView" */ = {
			isa = XCConfigurationList;
			buildConfigurations = (
				68182B9E133BA22A00C7EA1F /* Debug */,
				68182B9F133BA22A00C7EA1F /* Release */,
			);
			defaultConfigurationIsVisible = 0;
		};
/* End XCConfigurationList section */
	};
	rootObject = 68182B73133BA22A00C7EA1F /* Project object */;
}
